
Microsoft Visual Studio Solution File, Format Version 12.00
# Visual Studio Version 16
VisualStudioVersion = 16.0.30523.141
MinimumVisualStudioVersion = 10.0.40219.1
Project("{FAE04EC0-301F-11D3-BF4B-00C04F79EFBC}") = "Races", "Races\Races.csproj", "{293A01F9-AFE3-4433-8249-76D06C529F3D}"
EndProject
Project("{FAE04EC0-301F-11D3-BF4B-00C04F79EFBC}") = "Races.Logic", "Races.Logic\Races.Logic.csproj", "{B6DF09F9-3435-450B-8166-CEE4D890A7F2}"
EndProject
Global
	GlobalSection(SolutionConfigurationPlatforms) = preSolution
		Debug|Any CPU = Debug|Any CPU
		Release|Any CPU = Release|Any CPU
	EndGlobalSection
	GlobalSection(ProjectConfigurationPlatforms) = postSolution
		{293A01F9-AFE3-4433-8249-76D06C529F3D}.Debug|Any CPU.ActiveCfg = Debug|Any CPU
		{293A01F9-AFE3-4433-8249-76D06C529F3D}.Debug|Any CPU.Build.0 = Debug|Any CPU
		{293A01F9-AFE3-4433-8249-76D06C529F3D}.Release|Any CPU.ActiveCfg = Release|Any CPU
		{293A01F9-AFE3-4433-8249-76D06C529F3D}.Release|Any CPU.Build.0 = Release|Any CPU
		{B6DF09F9-3435-450B-8166-CEE4D890A7F2}.Debug|Any CPU.ActiveCfg = Debug|Any CPU
		{B6DF09F9-3435-450B-8166-CEE4D890A7F2}.Debug|Any CPU.Build.0 = Debug|Any CPU
		{B6DF09F9-3435-450B-8166-CEE4D890A7F2}.Release|Any CPU.ActiveCfg = Release|Any CPU
		{B6DF09F9-3435-450B-8166-CEE4D890A7F2}.Release|Any CPU.Build.0 = Release|Any CPU
	EndGlobalSection
	GlobalSection(SolutionProperties) = preSolution
		HideSolutionNode = FALSE
	EndGlobalSection
	GlobalSection(ExtensibilityGlobals) = postSolution
		SolutionGuid = {E9DEC07B-4BC9-4EF0-81F0-E7749CAD5F9A}
	EndGlobalSection
EndGlobal
